
Microsoft Visual Studio Solution File, Format Version 12.00
# Visual Studio Version 16
VisualStudioVersion = 16.0.31019.35
MinimumVisualStudioVersion = 10.0.40219.1
Project("{FAE04EC0-301F-11D3-BF4B-00C04F79EFBC}") = "PathfinderMG.Core", "PathfinderMG\PathfinderMG.Core.csproj", "{A22BAE10-5A4D-4C37-A687-B709423E0BC0}"
EndProject
Global
	GlobalSection(SolutionConfigurationPlatforms) = preSolution
		Debug|Any CPU = Debug|Any CPU
		Release|Any CPU = Release|Any CPU
	EndGlobalSection
	GlobalSection(ProjectConfigurationPlatforms) = postSolution
		{A22BAE10-5A4D-4C37-A687-B709423E0BC0}.Debug|Any CPU.ActiveCfg = Debug|Any CPU
		{A22BAE10-5A4D-4C37-A687-B709423E0BC0}.Debug|Any CPU.Build.0 = Debug|Any CPU
		{A22BAE10-5A4D-4C37-A687-B709423E0BC0}.Release|Any CPU.ActiveCfg = Release|Any CPU
		{A22BAE10-5A4D-4C37-A687-B709423E0BC0}.Release|Any CPU.Build.0 = Release|Any CPU
	EndGlobalSection
	GlobalSection(SolutionProperties) = preSolution
		HideSolutionNode = FALSE
	EndGlobalSection
	GlobalSection(ExtensibilityGlobals) = postSolution
		SolutionGuid = {628A1DAB-AF76-4368-833B-488BCFA25982}
	EndGlobalSection
EndGlobal
